
Microsoft Visual Studio Solution File, Format Version 12.00
# Visual Studio Version 16
VisualStudioVersion = 16.0.29709.97
MinimumVisualStudioVersion = 10.0.40219.1
Project("{9A19103F-16F7-4668-BE54-9A1E7A4F7556}") = "Almanac", "Nuclear\Almanac.csproj", "{366D0290-F64E-4EA8-84EC-4602E28492DD}"
EndProject
Project("{9A19103F-16F7-4668-BE54-9A1E7A4F7556}") = "Nuclear.CLI", "Nuclear.CLI\Nuclear.CLI.csproj", "{7FE47052-BD39-4F94-9C5D-82FE6F8F15DF}"
EndProject
Project("{9A19103F-16F7-4668-BE54-9A1E7A4F7556}") = "Almanac.Updater", "Almanac.Updater\Almanac.Updater.csproj", "{6501E199-C098-47D2-B775-BF552CF7A1D6}"
EndProject
Global
	GlobalSection(SolutionConfigurationPlatforms) = preSolution
		Debug|Any CPU = Debug|Any CPU
		Release|Any CPU = Release|Any CPU
	EndGlobalSection
	GlobalSection(ProjectConfigurationPlatforms) = postSolution
		{366D0290-F64E-4EA8-84EC-4602E28492DD}.Debug|Any CPU.ActiveCfg = Debug|Any CPU
		{366D0290-F64E-4EA8-84EC-4602E28492DD}.Debug|Any CPU.Build.0 = Debug|Any CPU
		{366D0290-F64E-4EA8-84EC-4602E28492DD}.Release|Any CPU.ActiveCfg = Release|Any CPU
		{366D0290-F64E-4EA8-84EC-4602E28492DD}.Release|Any CPU.Build.0 = Release|Any CPU
		{7FE47052-BD39-4F94-9C5D-82FE6F8F15DF}.Debug|Any CPU.ActiveCfg = Debug|Any CPU
		{7FE47052-BD39-4F94-9C5D-82FE6F8F15DF}.Debug|Any CPU.Build.0 = Debug|Any CPU
		{7FE47052-BD39-4F94-9C5D-82FE6F8F15DF}.Release|Any CPU.ActiveCfg = Release|Any CPU
		{7FE47052-BD39-4F94-9C5D-82FE6F8F15DF}.Release|Any CPU.Build.0 = Release|Any CPU
		{6501E199-C098-47D2-B775-BF552CF7A1D6}.Debug|Any CPU.ActiveCfg = Debug|Any CPU
		{6501E199-C098-47D2-B775-BF552CF7A1D6}.Debug|Any CPU.Build.0 = Debug|Any CPU
		{6501E199-C098-47D2-B775-BF552CF7A1D6}.Release|Any CPU.ActiveCfg = Release|Any CPU
		{6501E199-C098-47D2-B775-BF552CF7A1D6}.Release|Any CPU.Build.0 = Release|Any CPU
	EndGlobalSection
	GlobalSection(SolutionProperties) = preSolution
		HideSolutionNode = FALSE
	EndGlobalSection
	GlobalSection(ExtensibilityGlobals) = postSolution
		SolutionGuid = {899C02E9-D6BA-4967-9D3E-B5A37E640937}
	EndGlobalSection
EndGlobal
